
Microsoft Visual Studio Solution File, Format Version 12.00
# Visual Studio 15
VisualStudioVersion = 15.0.27703.2026
MinimumVisualStudioVersion = 10.0.40219.1
Project("{FAE04EC0-301F-11D3-BF4B-00C04F79EFBC}") = "ShumanReact", "ShumanReact\ShumanReact.csproj", "{3B490B7D-B4C9-4694-A073-1557FCDD66EC}"
EndProject
Global
	GlobalSection(SolutionConfigurationPlatforms) = preSolution
		Debug|Any CPU = Debug|Any CPU
		Release|Any CPU = Release|Any CPU
	EndGlobalSection
	GlobalSection(ProjectConfigurationPlatforms) = postSolution
		{3B490B7D-B4C9-4694-A073-1557FCDD66EC}.Debug|Any CPU.ActiveCfg = Debug|Any CPU
		{3B490B7D-B4C9-4694-A073-1557FCDD66EC}.Debug|Any CPU.Build.0 = Debug|Any CPU
		{3B490B7D-B4C9-4694-A073-1557FCDD66EC}.Release|Any CPU.ActiveCfg = Release|Any CPU
		{3B490B7D-B4C9-4694-A073-1557FCDD66EC}.Release|Any CPU.Build.0 = Release|Any CPU
	EndGlobalSection
	GlobalSection(SolutionProperties) = preSolution
		HideSolutionNode = FALSE
	EndGlobalSection
	GlobalSection(ExtensibilityGlobals) = postSolution
		SolutionGuid = {EBD6525B-8735-431B-A36C-AF7CB8C0CA3F}
	EndGlobalSection
EndGlobal
